
Microsoft Visual Studio Solution File, Format Version 12.00
# Visual Studio Version 17
VisualStudioVersion = 17.9.34714.143
MinimumVisualStudioVersion = 10.0.40219.1
Project("{9A19103F-16F7-4668-BE54-9A1E7A4F7556}") = "MainCode", "MainCode\MainCode.csproj", "{749CD2AF-226E-44BA-A93A-5382C50C0628}"
EndProject
Project("{9A19103F-16F7-4668-BE54-9A1E7A4F7556}") = "UnitTests", "UnitTests\UnitTests.csproj", "{9C8F438F-82DF-4F8A-AC9E-35AD5BED4248}"
EndProject
Project("{FAE04EC0-301F-11D3-BF4B-00C04F79EFBC}") = "eCommerceProject", "eCommerceProject\eCommerceProject.csproj", "{D64C7FFE-9936-43CF-8735-971B95BA0907}"
EndProject
Global
	GlobalSection(SolutionConfigurationPlatforms) = preSolution
		Debug|Any CPU = Debug|Any CPU
		Release|Any CPU = Release|Any CPU
	EndGlobalSection
	GlobalSection(ProjectConfigurationPlatforms) = postSolution
		{749CD2AF-226E-44BA-A93A-5382C50C0628}.Debug|Any CPU.ActiveCfg = Debug|Any CPU
		{749CD2AF-226E-44BA-A93A-5382C50C0628}.Debug|Any CPU.Build.0 = Debug|Any CPU
		{749CD2AF-226E-44BA-A93A-5382C50C0628}.Release|Any CPU.ActiveCfg = Release|Any CPU
		{749CD2AF-226E-44BA-A93A-5382C50C0628}.Release|Any CPU.Build.0 = Release|Any CPU
		{9C8F438F-82DF-4F8A-AC9E-35AD5BED4248}.Debug|Any CPU.ActiveCfg = Debug|Any CPU
		{9C8F438F-82DF-4F8A-AC9E-35AD5BED4248}.Debug|Any CPU.Build.0 = Debug|Any CPU
		{9C8F438F-82DF-4F8A-AC9E-35AD5BED4248}.Release|Any CPU.ActiveCfg = Release|Any CPU
		{9C8F438F-82DF-4F8A-AC9E-35AD5BED4248}.Release|Any CPU.Build.0 = Release|Any CPU
		{D64C7FFE-9936-43CF-8735-971B95BA0907}.Debug|Any CPU.ActiveCfg = Debug|Any CPU
		{D64C7FFE-9936-43CF-8735-971B95BA0907}.Debug|Any CPU.Build.0 = Debug|Any CPU
		{D64C7FFE-9936-43CF-8735-971B95BA0907}.Release|Any CPU.ActiveCfg = Release|Any CPU
		{D64C7FFE-9936-43CF-8735-971B95BA0907}.Release|Any CPU.Build.0 = Release|Any CPU
	EndGlobalSection
	GlobalSection(SolutionProperties) = preSolution
		HideSolutionNode = FALSE
	EndGlobalSection
	GlobalSection(ExtensibilityGlobals) = postSolution
		SolutionGuid = {721B77AD-4459-4E25-9DFA-F521987A4DA4}
	EndGlobalSection
EndGlobal
